
Microsoft Visual Studio Solution File, Format Version 12.00
# Visual Studio Version 16
VisualStudioVersion = 16.0.30804.86
MinimumVisualStudioVersion = 10.0.40219.1
Project("{FAE04EC0-301F-11D3-BF4B-00C04F79EFBC}") = "Atividade_15_12_2020", "Atividade_15_12_2020.csproj", "{FC84CA8E-1627-4BFA-BCC6-8C7360A8399C}"
EndProject
Global
	GlobalSection(SolutionConfigurationPlatforms) = preSolution
		Debug|Any CPU = Debug|Any CPU
		Release|Any CPU = Release|Any CPU
	EndGlobalSection
	GlobalSection(ProjectConfigurationPlatforms) = postSolution
		{FC84CA8E-1627-4BFA-BCC6-8C7360A8399C}.Debug|Any CPU.ActiveCfg = Debug|Any CPU
		{FC84CA8E-1627-4BFA-BCC6-8C7360A8399C}.Debug|Any CPU.Build.0 = Debug|Any CPU
		{FC84CA8E-1627-4BFA-BCC6-8C7360A8399C}.Release|Any CPU.ActiveCfg = Release|Any CPU
		{FC84CA8E-1627-4BFA-BCC6-8C7360A8399C}.Release|Any CPU.Build.0 = Release|Any CPU
	EndGlobalSection
	GlobalSection(SolutionProperties) = preSolution
		HideSolutionNode = FALSE
	EndGlobalSection
	GlobalSection(ExtensibilityGlobals) = postSolution
		SolutionGuid = {5D295B6C-05C4-4D24-9FD6-82EF93E1F91D}
	EndGlobalSection
EndGlobal
