
Microsoft Visual Studio Solution File, Format Version 12.00
# Visual Studio Version 16
VisualStudioVersion = 16.0.30709.132
MinimumVisualStudioVersion = 10.0.40219.1
Project("{9A19103F-16F7-4668-BE54-9A1E7A4F7556}") = "Projeto_Atendimento", "Projeto_Atendimento\Projeto_Atendimento.csproj", "{02625944-6280-4C93-9E90-2E0B9C3494C0}"
EndProject
Project("{FAE04EC0-301F-11D3-BF4B-00C04F79EFBC}") = "Projeto_Atendimento.DLL", "Projeto_Atendimento.DLL\Projeto_Atendimento.DLL.csproj", "{4BFFEA0E-E379-4F20-8A9F-6834683B5936}"
EndProject
Global
	GlobalSection(SolutionConfigurationPlatforms) = preSolution
		Debug|Any CPU = Debug|Any CPU
		Release|Any CPU = Release|Any CPU
	EndGlobalSection
	GlobalSection(ProjectConfigurationPlatforms) = postSolution
		{02625944-6280-4C93-9E90-2E0B9C3494C0}.Debug|Any CPU.ActiveCfg = Debug|Any CPU
		{02625944-6280-4C93-9E90-2E0B9C3494C0}.Debug|Any CPU.Build.0 = Debug|Any CPU
		{02625944-6280-4C93-9E90-2E0B9C3494C0}.Release|Any CPU.ActiveCfg = Release|Any CPU
		{02625944-6280-4C93-9E90-2E0B9C3494C0}.Release|Any CPU.Build.0 = Release|Any CPU
		{4BFFEA0E-E379-4F20-8A9F-6834683B5936}.Debug|Any CPU.ActiveCfg = Debug|Any CPU
		{4BFFEA0E-E379-4F20-8A9F-6834683B5936}.Debug|Any CPU.Build.0 = Debug|Any CPU
		{4BFFEA0E-E379-4F20-8A9F-6834683B5936}.Release|Any CPU.ActiveCfg = Release|Any CPU
		{4BFFEA0E-E379-4F20-8A9F-6834683B5936}.Release|Any CPU.Build.0 = Release|Any CPU
	EndGlobalSection
	GlobalSection(SolutionProperties) = preSolution
		HideSolutionNode = FALSE
	EndGlobalSection
	GlobalSection(ExtensibilityGlobals) = postSolution
		SolutionGuid = {F75D2FA2-CC0A-4767-A42D-B861E87D0190}
	EndGlobalSection
EndGlobal
